{
    "name": "socket-chat-example",
    "version": "0.0.1",
    "lockfileVersion": 2,
    "requires": true,
    "packages": {
        "": {
            "name": "socket-chat-example",
            "version": "0.0.1",
            "dependencies": {
                "express": "^4.10.2",
                "socket.io": "^4.1.3"
            }
        },
        "node_modules/@types/component-emitter": {
            "version": "1.2.10",
            "resolved": "https://registry.nlark.com/@types/component-emitter/download/@types/component-emitter-1.2.10.tgz?cache=0&sync_timestamp=1621240902818&other_urls=https%3A%2F%2Fregistry.nlark.com%2F%40types%2Fcomponent-emitter%2Fdownload%2F%40types%2Fcomponent-emitter-1.2.10.tgz",
            "integrity": "sha1-71sVibnxZURkLkc9tepWORB+8+o="
        },
        "node_modules/@types/cookie": {
            "version": "0.4.1",
            "resolved": "https://registry.nlark.com/@types/cookie/download/@types/cookie-0.4.1.tgz",
            "integrity": "sha1-v9AsHyIkVnZ2wVRRmfh8OoYdh40="
        },
        "node_modules/@types/cors": {
            "version": "2.8.12",
            "resolved": "https://registry.nlark.com/@types/cors/download/@types/cors-2.8.12.tgz",
            "integrity": "sha1-ayxRCnrXA56Y57jT1lmPQ1nlwIA="
        },
        "node_modules/@types/node": {
            "version": "16.4.1",
            "resolved": "https://registry.nlark.com/@types/node/download/@types/node-16.4.1.tgz?cache=0&other_urls=https%3A%2F%2Fregistry.nlark.com%2F%40types%2Fnode%2Fdownload%2F%40types%2Fnode-16.4.1.tgz",
            "integrity": "sha1-n60XGltwFhPuim9OzjyIsQNLGwM="
        },
        "node_modules/accepts": {
            "version": "1.1.4",
            "resolved": "https://registry.npm.taobao.org/accepts/download/accepts-1.1.4.tgz",
            "integrity": "sha1-1xyW99QdD+2iw4zRToonwEFY30o=",
            "dependencies": {
                "mime-types": "~2.0.4",
                "negotiator": "0.4.9"
            },
            "engines": {
                "node": ">= 0.8"
            }
        },
        "node_modules/base64-arraybuffer": {
            "version": "0.1.4",
            "resolved": "https://registry.npm.taobao.org/base64-arraybuffer/download/base64-arraybuffer-0.1.4.tgz",
            "integrity": "sha1-mBjHngWbE1X5fgQooBfIOOkLqBI=",
            "engines": {
                "node": ">= 0.6.0"
            }
        },
        "node_modules/base64id": {
            "version": "2.0.0",
            "resolved": "https://registry.npm.taobao.org/base64id/download/base64id-2.0.0.tgz",
            "integrity": "sha1-J3Csa8R9MSr5eov5pjQ0LgzSXLY=",
            "engines": {
                "node": "^4.5.0 || >= 5.9"
            }
        },
        "node_modules/bufferutil": {
            "version": "4.0.3",
            "resolved": "https://registry.nlark.com/bufferutil/download/bufferutil-4.0.3.tgz",
            "integrity": "sha1-ZnJLdWvtI818KMTTBteZT5lDzGs=",
            "hasInstallScript": true,
            "peer": true,
            "dependencies": {
                "node-gyp-build": "^4.2.0"
            }
        },
        "node_modules/component-emitter": {
            "version": "1.3.0",
            "resolved": "https://registry.nlark.com/component-emitter/download/component-emitter-1.3.0.tgz",
            "integrity": "sha1-FuQHD7qK4ptnnyIVhT7hgasuq8A="
        },
        "node_modules/content-disposition": {
            "version": "0.5.0",
            "resolved": "https://registry.npm.taobao.org/content-disposition/download/content-disposition-0.5.0.tgz",
            "integrity": "sha1-QoT+auBjCHRjnkToCkGMKTQTXp4=",
            "engines": {
                "node": ">= 0.6"
            }
        },
        "node_modules/cookie": {
            "version": "0.1.2",
            "resolved": "https://registry.npm.taobao.org/cookie/download/cookie-0.1.2.tgz?cache=0&sync_timestamp=1587525865178&other_urls=https%3A%2F%2Fregistry.npm.taobao.org%2Fcookie%2Fdownload%2Fcookie-0.1.2.tgz",
            "integrity": "sha1-cv7D0k5Io0Mgc9kMEmQgBQYQBLE=",
            "engines": {
                "node": "*"
            }
        },
        "node_modules/cookie-signature": {
            "version": "1.0.5",
            "resolved": "https://registry.npm.taobao.org/cookie-signature/download/cookie-signature-1.0.5.tgz",
            "integrity": "sha1-oSLj8VA+yg9TVXlbBxG7I2jUUPk="
        },
        "node_modules/cors": {
            "version": "2.8.5",
            "resolved": "https://registry.npm.taobao.org/cors/download/cors-2.8.5.tgz?cache=0&sync_timestamp=1604074394593&other_urls=https%3A%2F%2Fregistry.npm.taobao.org%2Fcors%2Fdownload%2Fcors-2.8.5.tgz",
            "integrity": "sha1-6sEdpRWS3Ya58G9uesKTs9+HXSk=",
            "dependencies": {
                "object-assign": "^4",
                "vary": "^1"
            },
            "engines": {
                "node": ">= 0.10"
            }
        },
        "node_modules/crc": {
            "version": "3.2.1",
            "resolved": "https://registry.npm.taobao.org/crc/download/crc-3.2.1.tgz",
            "integrity": "sha1-XZyPt3okXNXsopHl0tAFM0urAII="
        },
        "node_modules/debug": {
            "version": "2.1.3",
            "resolved": "https://registry.nlark.com/debug/download/debug-2.1.3.tgz?cache=0&sync_timestamp=1625374653719&other_urls=https%3A%2F%2Fregistry.nlark.com%2Fdebug%2Fdownload%2Fdebug-2.1.3.tgz",
            "integrity": "sha1-zoqxte6PvuK/o7Yzyrk9NmtjQY4=",
            "dependencies": {
                "ms": "0.7.0"
            }
        },
        "node_modules/depd": {
            "version": "1.0.1",
            "resolved": "https://registry.npm.taobao.org/depd/download/depd-1.0.1.tgz",
            "integrity": "sha1-gK7GTJ1tl+ZcwqnKqTwKpqv3Oqo=",
            "engines": {
                "node": ">= 0.6"
            }
        },
        "node_modules/destroy": {
            "version": "1.0.3",
            "resolved": "https://registry.npm.taobao.org/destroy/download/destroy-1.0.3.tgz",
            "integrity": "sha1-tDO0ck5x/YVR2YhRdIUcX8N34sk="
        },
        "node_modules/ee-first": {
            "version": "1.1.0",
            "resolved": "https://registry.npm.taobao.org/ee-first/download/ee-first-1.1.0.tgz",
            "integrity": "sha1-ag18YiHkkP7v2S7D9EHJzozQl/Q="
        },
        "node_modules/engine.io": {
            "version": "5.1.1",
            "resolved": "https://registry.nlark.com/engine.io/download/engine.io-5.1.1.tgz",
            "integrity": "sha1-ofl+Ud3xDL1NuLX/SxZarTdgzdM=",
            "dependencies": {
                "accepts": "~1.3.4",
                "base64id": "2.0.0",
                "cookie": "~0.4.1",
                "cors": "~2.8.5",
                "debug": "~4.3.1",
                "engine.io-parser": "~4.0.0",
                "ws": "~7.4.2"
            },
            "engines": {
                "node": ">=10.0.0"
            }
        },
        "node_modules/engine.io-parser": {
            "version": "4.0.2",
            "resolved": "https://registry.npm.taobao.org/engine.io-parser/download/engine.io-parser-4.0.2.tgz",
            "integrity": "sha1-5B0LP7Zve/SjZx0gOKFUAk7bUB4=",
            "dependencies": {
                "base64-arraybuffer": "0.1.4"
            },
            "engines": {
                "node": ">=8.0.0"
            }
        },
        "node_modules/engine.io/node_modules/accepts": {
            "version": "1.3.7",
            "resolved": "https://registry.nlark.com/accepts/download/accepts-1.3.7.tgz",
            "integrity": "sha1-UxvHJlF6OytB+FACHGzBXqq1B80=",
            "dependencies": {
                "mime-types": "~2.1.24",
                "negotiator": "0.6.2"
            },
            "engines": {
                "node": ">= 0.6"
            }
        },
        "node_modules/engine.io/node_modules/cookie": {
            "version": "0.4.1",
            "resolved": "https://registry.nlark.com/cookie/download/cookie-0.4.1.tgz",
            "integrity": "sha1-r9cT/ibr0hupXOth+agRblClN9E=",
            "engines": {
                "node": ">= 0.6"
            }
        },
        "node_modules/engine.io/node_modules/debug": {
            "version": "4.3.2",
            "resolved": "https://registry.nlark.com/debug/download/debug-4.3.2.tgz?cache=0&sync_timestamp=1625374653719&other_urls=https%3A%2F%2Fregistry.nlark.com%2Fdebug%2Fdownload%2Fdebug-4.3.2.tgz",
            "integrity": "sha1-8KScGKyHeeMdSgxgKd+3aHPHQos=",
            "dependencies": {
                "ms": "2.1.2"
            },
            "engines": {
                "node": ">=6.0"
            }
        },
        "node_modules/engine.io/node_modules/mime-db": {
            "version": "1.48.0",
            "resolved": "https://registry.nlark.com/mime-db/download/mime-db-1.48.0.tgz?cache=0&sync_timestamp=1622433567590&other_urls=https%3A%2F%2Fregistry.nlark.com%2Fmime-db%2Fdownload%2Fmime-db-1.48.0.tgz",
            "integrity": "sha1-41sxBF3X6to6qtU37YijOvvvLR0=",
            "engines": {
                "node": ">= 0.6"
            }
        },
        "node_modules/engine.io/node_modules/mime-types": {
            "version": "2.1.31",
            "resolved": "https://registry.nlark.com/mime-types/download/mime-types-2.1.31.tgz",
            "integrity": "sha1-oA12t0MXxh+cLbIhi46fjpxcnms=",
            "dependencies": {
                "mime-db": "1.48.0"
            },
            "engines": {
                "node": ">= 0.6"
            }
        },
        "node_modules/engine.io/node_modules/ms": {
            "version": "2.1.2",
            "resolved": "https://registry.nlark.com/ms/download/ms-2.1.2.tgz",
            "integrity": "sha1-0J0fNXtEP0kzgqjrPM0YOHKuYAk="
        },
        "node_modules/engine.io/node_modules/negotiator": {
            "version": "0.6.2",
            "resolved": "https://registry.npm.taobao.org/negotiator/download/negotiator-0.6.2.tgz",
            "integrity": "sha1-/qz3zPUlp3rpY0Q2pkiD/+yjRvs=",
            "engines": {
                "node": ">= 0.6"
            }
        },
        "node_modules/escape-html": {
            "version": "1.0.1",
            "resolved": "https://registry.npm.taobao.org/escape-html/download/escape-html-1.0.1.tgz",
            "integrity": "sha1-GBoobq05ejmpKFfPsdQwUuNWv/A="
        },
        "node_modules/etag": {
            "version": "1.5.1",
            "resolved": "https://registry.npm.taobao.org/etag/download/etag-1.5.1.tgz",
            "integrity": "sha1-VMUN4E7kJpVWKSWsVmWIKRvn6eo=",
            "dependencies": {
                "crc": "3.2.1"
            },
            "engines": {
                "node": ">= 0.6"
            }
        },
        "node_modules/express": {
            "version": "4.10.2",
            "resolved": "https://registry.npm.taobao.org/express/download/express-4.10.2.tgz?cache=0&other_urls=https%3A%2F%2Fregistry.npm.taobao.org%2Fexpress%2Fdownload%2Fexpress-4.10.2.tgz",
            "integrity": "sha1-3wbd6U2WiTKCnUQKIATF7+ZElbA=",
            "dependencies": {
                "accepts": "~1.1.3",
                "content-disposition": "0.5.0",
                "cookie": "0.1.2",
                "cookie-signature": "1.0.5",
                "debug": "~2.1.0",
                "depd": "~1.0.0",
                "escape-html": "1.0.1",
                "etag": "~1.5.0",
                "finalhandler": "0.3.2",
                "fresh": "0.2.4",
                "media-typer": "0.3.0",
                "merge-descriptors": "0.0.2",
                "methods": "1.1.0",
                "on-finished": "~2.1.1",
                "parseurl": "~1.3.0",
                "path-to-regexp": "0.1.3",
                "proxy-addr": "~1.0.3",
                "qs": "2.3.2",
                "range-parser": "~1.0.2",
                "send": "0.10.1",
                "serve-static": "~1.7.1",
                "type-is": "~1.5.3",
                "utils-merge": "1.0.0",
                "vary": "~1.0.0"
            },
            "engines": {
                "node": ">= 0.10.0"
            }
        },
        "node_modules/finalhandler": {
            "version": "0.3.2",
            "resolved": "https://registry.npm.taobao.org/finalhandler/download/finalhandler-0.3.2.tgz",
            "integrity": "sha1-ezibD9Nkem+QvVZOImJL+KSnf7U=",
            "dependencies": {
                "debug": "~2.1.0",
                "escape-html": "1.0.1",
                "on-finished": "~2.1.1"
            },
            "engines": {
                "node": ">= 0.8"
            }
        },
        "node_modules/forwarded": {
            "version": "0.1.2",
            "resolved": "https://registry.nlark.com/forwarded/download/forwarded-0.1.2.tgz?cache=0&sync_timestamp=1622503451002&other_urls=https%3A%2F%2Fregistry.nlark.com%2Fforwarded%2Fdownload%2Fforwarded-0.1.2.tgz",
            "integrity": "sha1-mMI9qxF1ZXuMBXPozszZGw/xjIQ=",
            "engines": {
                "node": ">= 0.6"
            }
        },
        "node_modules/fresh": {
            "version": "0.2.4",
            "resolved": "https://registry.npm.taobao.org/fresh/download/fresh-0.2.4.tgz",
            "integrity": "sha1-NYJJkgbJcjcUGQ7ddLRgT+tKYUw=",
            "engines": {
                "node": ">= 0.6"
            }
        },
        "node_modules/ipaddr.js": {
            "version": "1.0.5",
            "resolved": "https://registry.nlark.com/ipaddr.js/download/ipaddr.js-1.0.5.tgz",
            "integrity": "sha1-X6eM8wG4JceKvDBC2BJyMEnqI8c=",
            "engines": {
                "node": ">= 0.10"
            }
        },
        "node_modules/media-typer": {
            "version": "0.3.0",
            "resolved": "https://registry.npm.taobao.org/media-typer/download/media-typer-0.3.0.tgz",
            "integrity": "sha1-hxDXrwqmJvj/+hzgAWhUUmMlV0g=",
            "engines": {
                "node": ">= 0.6"
            }
        },
        "node_modules/merge-descriptors": {
            "version": "0.0.2",
            "resolved": "https://registry.npm.taobao.org/merge-descriptors/download/merge-descriptors-0.0.2.tgz",
            "integrity": "sha1-w2pSp4FDdRPFcnXzndnTF1FKyMc="
        },
        "node_modules/methods": {
            "version": "1.1.0",
            "resolved": "https://registry.npm.taobao.org/methods/download/methods-1.1.0.tgz",
            "integrity": "sha1-XcpO4S31L/OwVhRZhqjwHLyGQ28="
        },
        "node_modules/mime": {
            "version": "1.2.11",
            "resolved": "https://registry.nlark.com/mime/download/mime-1.2.11.tgz",
            "integrity": "sha1-WCA+7Ybjpe8XrtK32evUfwpg3RA="
        },
        "node_modules/mime-db": {
            "version": "1.12.0",
            "resolved": "https://registry.nlark.com/mime-db/download/mime-db-1.12.0.tgz?cache=0&sync_timestamp=1622433567590&other_urls=https%3A%2F%2Fregistry.nlark.com%2Fmime-db%2Fdownload%2Fmime-db-1.12.0.tgz",
            "integrity": "sha1-PQxjGA9FjrENMlqqN9fFiuMS6dc=",
            "engines": {
                "node": ">= 0.6"
            }
        },
        "node_modules/mime-types": {
            "version": "2.0.14",
            "resolved": "https://registry.nlark.com/mime-types/download/mime-types-2.0.14.tgz",
            "integrity": "sha1-MQ4VnbI+B3+Lsit0jav6SVcUCqY=",
            "dependencies": {
                "mime-db": "~1.12.0"
            },
            "engines": {
                "node": ">= 0.6"
            }
        },
        "node_modules/ms": {
            "version": "0.7.0",
            "resolved": "https://registry.nlark.com/ms/download/ms-0.7.0.tgz",
            "integrity": "sha1-hlvpTC5zl62KV9pqYzpuLzB5i4M="
        },
        "node_modules/negotiator": {
            "version": "0.4.9",
            "resolved": "https://registry.npm.taobao.org/negotiator/download/negotiator-0.4.9.tgz",
            "integrity": "sha1-kuRrbbU8fkIe1koryU8IvnYw3z8=",
            "engines": {
                "node": ">= 0.6"
            }
        },
        "node_modules/node-gyp-build": {
            "version": "4.2.3",
            "resolved": "https://registry.npm.taobao.org/node-gyp-build/download/node-gyp-build-4.2.3.tgz",
            "integrity": "sha1-zmJ3+FODX3GIKe+0fbIPPk2cRzk=",
            "peer": true,
            "bin": {
                "node-gyp-build": "bin.js",
                "node-gyp-build-optional": "optional.js",
                "node-gyp-build-test": "build-test.js"
            }
        },
        "node_modules/object-assign": {
            "version": "4.1.1",
            "resolved": "https://registry.nlark.com/object-assign/download/object-assign-4.1.1.tgz",
            "integrity": "sha1-IQmtx5ZYh8/AXLvUQsrIv7s2CGM=",
            "engines": {
                "node": ">=0.10.0"
            }
        },
        "node_modules/on-finished": {
            "version": "2.1.1",
            "resolved": "https://registry.npm.taobao.org/on-finished/download/on-finished-2.1.1.tgz",
            "integrity": "sha1-+CyhyeOk8yhrG5k4YQ5bhja9PLI=",
            "dependencies": {
                "ee-first": "1.1.0"
            },
            "engines": {
                "node": ">= 0.8"
            }
        },
        "node_modules/parseurl": {
            "version": "1.3.3",
            "resolved": "https://registry.npm.taobao.org/parseurl/download/parseurl-1.3.3.tgz",
            "integrity": "sha1-naGee+6NEt/wUT7Vt2lXeTvC6NQ=",
            "engines": {
                "node": ">= 0.8"
            }
        },
        "node_modules/path-to-regexp": {
            "version": "0.1.3",
            "resolved": "https://registry.nlark.com/path-to-regexp/download/path-to-regexp-0.1.3.tgz?cache=0&sync_timestamp=1624608046390&other_urls=https%3A%2F%2Fregistry.nlark.com%2Fpath-to-regexp%2Fdownload%2Fpath-to-regexp-0.1.3.tgz",
            "integrity": "sha1-IbmrgidCed4lsVbqCP0SylG4rss="
        },
        "node_modules/proxy-addr": {
            "version": "1.0.10",
            "resolved": "https://registry.nlark.com/proxy-addr/download/proxy-addr-1.0.10.tgz",
            "integrity": "sha1-DUCoL4Afw1VWfS7LZe/j8HfxIcU=",
            "dependencies": {
                "forwarded": "~0.1.0",
                "ipaddr.js": "1.0.5"
            },
            "engines": {
                "node": ">= 0.6"
            }
        },
        "node_modules/qs": {
            "version": "2.3.2",
            "resolved": "https://registry.npm.taobao.org/qs/download/qs-2.3.2.tgz?cache=0&sync_timestamp=1616385248556&other_urls=https%3A%2F%2Fregistry.npm.taobao.org%2Fqs%2Fdownload%2Fqs-2.3.2.tgz",
            "integrity": "sha1-1F7CSeS5sCmvAIgpoQHV/36XJ5A="
        },
        "node_modules/range-parser": {
            "version": "1.0.3",
            "resolved": "https://registry.npm.taobao.org/range-parser/download/range-parser-1.0.3.tgz",
            "integrity": "sha1-aHKCNTXGkuLCoBA4Jq/YLC4P8XU=",
            "engines": {
                "node": ">= 0.6"
            }
        },
        "node_modules/send": {
            "version": "0.10.1",
            "resolved": "https://registry.npm.taobao.org/send/download/send-0.10.1.tgz",
            "integrity": "sha1-d0XFDscvEVEVmA6PsXmuwBkA4Io=",
            "dependencies": {
                "debug": "~2.1.0",
                "depd": "~1.0.0",
                "destroy": "1.0.3",
                "escape-html": "1.0.1",
                "etag": "~1.5.0",
                "fresh": "0.2.4",
                "mime": "1.2.11",
                "ms": "0.6.2",
                "on-finished": "~2.1.1",
                "range-parser": "~1.0.2"
            },
            "engines": {
                "node": ">= 0.8.0"
            }
        },
        "node_modules/send/node_modules/ms": {
            "version": "0.6.2",
            "resolved": "https://registry.nlark.com/ms/download/ms-0.6.2.tgz",
            "integrity": "sha1-2JwhJMb9wTU9Zai3e/GqxLGTcIw="
        },
        "node_modules/serve-static": {
            "version": "1.7.2",
            "resolved": "https://registry.npm.taobao.org/serve-static/download/serve-static-1.7.2.tgz",
            "integrity": "sha1-MWTOBtTmw0Wb3MnWAY+0+zXoSzk=",
            "dependencies": {
                "escape-html": "1.0.1",
                "parseurl": "~1.3.0",
                "send": "0.10.1",
                "utils-merge": "1.0.0"
            },
            "engines": {
                "node": ">= 0.8.0"
            }
        },
        "node_modules/socket.io": {
            "version": "4.1.3",
            "resolved": "https://registry.nlark.com/socket.io/download/socket.io-4.1.3.tgz",
            "integrity": "sha1-0RQyjvJ6sxuIlhF5KVnD+m1QJQA=",
            "dependencies": {
                "@types/cookie": "^0.4.0",
                "@types/cors": "^2.8.10",
                "@types/node": ">=10.0.0",
                "accepts": "~1.3.4",
                "base64id": "~2.0.0",
                "debug": "~4.3.1",
                "engine.io": "~5.1.1",
                "socket.io-adapter": "~2.3.1",
                "socket.io-parser": "~4.0.4"
            },
            "engines": {
                "node": ">=10.0.0"
            }
        },
        "node_modules/socket.io-adapter": {
            "version": "2.3.1",
            "resolved": "https://registry.nlark.com/socket.io-adapter/download/socket.io-adapter-2.3.1.tgz",
            "integrity": "sha1-pEJyDLCaSCPPuBKH3aH5tS1MzbI="
        },
        "node_modules/socket.io-parser": {
            "version": "4.0.4",
            "resolved": "https://registry.nlark.com/socket.io-parser/download/socket.io-parser-4.0.4.tgz",
            "integrity": "sha1-nqIbDWFQjRgZbvBKLGuatjD0wrA=",
            "dependencies": {
                "@types/component-emitter": "^1.2.10",
                "component-emitter": "~1.3.0",
                "debug": "~4.3.1"
            },
            "engines": {
                "node": ">=10.0.0"
            }
        },
        "node_modules/socket.io-parser/node_modules/debug": {
            "version": "4.3.2",
            "resolved": "https://registry.nlark.com/debug/download/debug-4.3.2.tgz?cache=0&sync_timestamp=1625374653719&other_urls=https%3A%2F%2Fregistry.nlark.com%2Fdebug%2Fdownload%2Fdebug-4.3.2.tgz",
            "integrity": "sha1-8KScGKyHeeMdSgxgKd+3aHPHQos=",
            "dependencies": {
                "ms": "2.1.2"
            },
            "engines": {
                "node": ">=6.0"
            }
        },
        "node_modules/socket.io-parser/node_modules/ms": {
            "version": "2.1.2",
            "resolved": "https://registry.nlark.com/ms/download/ms-2.1.2.tgz",
            "integrity": "sha1-0J0fNXtEP0kzgqjrPM0YOHKuYAk="
        },
        "node_modules/socket.io/node_modules/accepts": {
            "version": "1.3.7",
            "resolved": "https://registry.nlark.com/accepts/download/accepts-1.3.7.tgz",
            "integrity": "sha1-UxvHJlF6OytB+FACHGzBXqq1B80=",
            "dependencies": {
                "mime-types": "~2.1.24",
                "negotiator": "0.6.2"
            },
            "engines": {
                "node": ">= 0.6"
            }
        },
        "node_modules/socket.io/node_modules/debug": {
            "version": "4.3.2",
            "resolved": "https://registry.nlark.com/debug/download/debug-4.3.2.tgz?cache=0&sync_timestamp=1625374653719&other_urls=https%3A%2F%2Fregistry.nlark.com%2Fdebug%2Fdownload%2Fdebug-4.3.2.tgz",
            "integrity": "sha1-8KScGKyHeeMdSgxgKd+3aHPHQos=",
            "dependencies": {
                "ms": "2.1.2"
            },
            "engines": {
                "node": ">=6.0"
            }
        },
        "node_modules/socket.io/node_modules/mime-db": {
            "version": "1.48.0",
            "resolved": "https://registry.nlark.com/mime-db/download/mime-db-1.48.0.tgz?cache=0&sync_timestamp=1622433567590&other_urls=https%3A%2F%2Fregistry.nlark.com%2Fmime-db%2Fdownload%2Fmime-db-1.48.0.tgz",
            "integrity": "sha1-41sxBF3X6to6qtU37YijOvvvLR0=",
            "engines": {
                "node": ">= 0.6"
            }
        },
        "node_modules/socket.io/node_modules/mime-types": {
            "version": "2.1.31",
            "resolved": "https://registry.nlark.com/mime-types/download/mime-types-2.1.31.tgz",
            "integrity": "sha1-oA12t0MXxh+cLbIhi46fjpxcnms=",
            "dependencies": {
                "mime-db": "1.48.0"
            },
            "engines": {
                "node": ">= 0.6"
            }
        },
        "node_modules/socket.io/node_modules/ms": {
            "version": "2.1.2",
            "resolved": "https://registry.nlark.com/ms/download/ms-2.1.2.tgz",
            "integrity": "sha1-0J0fNXtEP0kzgqjrPM0YOHKuYAk="
        },
        "node_modules/socket.io/node_modules/negotiator": {
            "version": "0.6.2",
            "resolved": "https://registry.npm.taobao.org/negotiator/download/negotiator-0.6.2.tgz",
            "integrity": "sha1-/qz3zPUlp3rpY0Q2pkiD/+yjRvs=",
            "engines": {
                "node": ">= 0.6"
            }
        },
        "node_modules/type-is": {
            "version": "1.5.7",
            "resolved": "https://registry.npm.taobao.org/type-is/download/type-is-1.5.7.tgz",
            "integrity": "sha1-uTaKWTzG730GReeLL0xky+zQXpA=",
            "dependencies": {
                "media-typer": "0.3.0",
                "mime-types": "~2.0.9"
            },
            "engines": {
                "node": ">= 0.6"
            }
        },
        "node_modules/utf-8-validate": {
            "version": "5.0.5",
            "resolved": "https://registry.nlark.com/utf-8-validate/download/utf-8-validate-5.0.5.tgz",
            "integrity": "sha1-3TLC6CxyAC3J8C62e6Z2H0NFbKE=",
            "hasInstallScript": true,
            "peer": true,
            "dependencies": {
                "node-gyp-build": "^4.2.0"
            }
        },
        "node_modules/utils-merge": {
            "version": "1.0.0",
            "resolved": "https://registry.npm.taobao.org/utils-merge/download/utils-merge-1.0.0.tgz",
            "integrity": "sha1-ApT7kiu5N1FTVBxPcJYjHyh8ivg=",
            "engines": {
                "node": ">= 0.4.0"
            }
        },
        "node_modules/vary": {
            "version": "1.0.1",
            "resolved": "https://registry.npm.taobao.org/vary/download/vary-1.0.1.tgz",
            "integrity": "sha1-meSYFWaihhGN+yuBc1ffeZM3bRA=",
            "engines": {
                "node": ">= 0.8"
            }
        },
        "node_modules/ws": {
            "version": "7.4.6",
            "resolved": "https://registry.nlark.com/ws/download/ws-7.4.6.tgz",
            "integrity": "sha1-VlTKjs3u5HwzqaS/bSjivimAN3w=",
            "engines": {
                "node": ">=8.3.0"
            },
            "peerDependencies": {
                "bufferutil": "^4.0.1",
                "utf-8-validate": "^5.0.2"
            }
        }
    },
    "dependencies": {
        "@types/component-emitter": {
            "version": "1.2.10",
            "resolved": "https://registry.nlark.com/@types/component-emitter/download/@types/component-emitter-1.2.10.tgz?cache=0&sync_timestamp=1621240902818&other_urls=https%3A%2F%2Fregistry.nlark.com%2F%40types%2Fcomponent-emitter%2Fdownload%2F%40types%2Fcomponent-emitter-1.2.10.tgz",
            "integrity": "sha1-71sVibnxZURkLkc9tepWORB+8+o="
        },
        "@types/cookie": {
            "version": "0.4.1",
            "resolved": "https://registry.nlark.com/@types/cookie/download/@types/cookie-0.4.1.tgz",
            "integrity": "sha1-v9AsHyIkVnZ2wVRRmfh8OoYdh40="
        },
        "@types/cors": {
            "version": "2.8.12",
            "resolved": "https://registry.nlark.com/@types/cors/download/@types/cors-2.8.12.tgz",
            "integrity": "sha1-ayxRCnrXA56Y57jT1lmPQ1nlwIA="
        },
        "@types/node": {
            "version": "16.4.1",
            "resolved": "https://registry.nlark.com/@types/node/download/@types/node-16.4.1.tgz?cache=0&other_urls=https%3A%2F%2Fregistry.nlark.com%2F%40types%2Fnode%2Fdownload%2F%40types%2Fnode-16.4.1.tgz",
            "integrity": "sha1-n60XGltwFhPuim9OzjyIsQNLGwM="
        },
        "accepts": {
            "version": "1.1.4",
            "resolved": "https://registry.npm.taobao.org/accepts/download/accepts-1.1.4.tgz",
            "integrity": "sha1-1xyW99QdD+2iw4zRToonwEFY30o=",
            "requires": {
                "mime-types": "~2.0.4",
                "negotiator": "0.4.9"
            }
        },
        "base64-arraybuffer": {
            "version": "0.1.4",
            "resolved": "https://registry.npm.taobao.org/base64-arraybuffer/download/base64-arraybuffer-0.1.4.tgz",
            "integrity": "sha1-mBjHngWbE1X5fgQooBfIOOkLqBI="
        },
        "base64id": {
            "version": "2.0.0",
            "resolved": "https://registry.npm.taobao.org/base64id/download/base64id-2.0.0.tgz",
            "integrity": "sha1-J3Csa8R9MSr5eov5pjQ0LgzSXLY="
        },
        "bufferutil": {
            "version": "4.0.3",
            "resolved": "https://registry.nlark.com/bufferutil/download/bufferutil-4.0.3.tgz",
            "integrity": "sha1-ZnJLdWvtI818KMTTBteZT5lDzGs=",
            "peer": true,
            "requires": {
                "node-gyp-build": "^4.2.0"
            }
        },
        "component-emitter": {
            "version": "1.3.0",
            "resolved": "https://registry.nlark.com/component-emitter/download/component-emitter-1.3.0.tgz",
            "integrity": "sha1-FuQHD7qK4ptnnyIVhT7hgasuq8A="
        },
        "content-disposition": {
            "version": "0.5.0",
            "resolved": "https://registry.npm.taobao.org/content-disposition/download/content-disposition-0.5.0.tgz",
            "integrity": "sha1-QoT+auBjCHRjnkToCkGMKTQTXp4="
        },
        "cookie": {
            "version": "0.1.2",
            "resolved": "https://registry.npm.taobao.org/cookie/download/cookie-0.1.2.tgz?cache=0&sync_timestamp=1587525865178&other_urls=https%3A%2F%2Fregistry.npm.taobao.org%2Fcookie%2Fdownload%2Fcookie-0.1.2.tgz",
            "integrity": "sha1-cv7D0k5Io0Mgc9kMEmQgBQYQBLE="
        },
        "cookie-signature": {
            "version": "1.0.5",
            "resolved": "https://registry.npm.taobao.org/cookie-signature/download/cookie-signature-1.0.5.tgz",
            "integrity": "sha1-oSLj8VA+yg9TVXlbBxG7I2jUUPk="
        },
        "cors": {
            "version": "2.8.5",
            "resolved": "https://registry.npm.taobao.org/cors/download/cors-2.8.5.tgz?cache=0&sync_timestamp=1604074394593&other_urls=https%3A%2F%2Fregistry.npm.taobao.org%2Fcors%2Fdownload%2Fcors-2.8.5.tgz",
            "integrity": "sha1-6sEdpRWS3Ya58G9uesKTs9+HXSk=",
            "requires": {
                "object-assign": "^4",
                "vary": "^1"
            }
        },
        "crc": {
            "version": "3.2.1",
            "resolved": "https://registry.npm.taobao.org/crc/download/crc-3.2.1.tgz",
            "integrity": "sha1-XZyPt3okXNXsopHl0tAFM0urAII="
        },
        "debug": {
            "version": "2.1.3",
            "resolved": "https://registry.nlark.com/debug/download/debug-2.1.3.tgz?cache=0&sync_timestamp=1625374653719&other_urls=https%3A%2F%2Fregistry.nlark.com%2Fdebug%2Fdownload%2Fdebug-2.1.3.tgz",
            "integrity": "sha1-zoqxte6PvuK/o7Yzyrk9NmtjQY4=",
            "requires": {
                "ms": "0.7.0"
            }
        },
        "depd": {
            "version": "1.0.1",
            "resolved": "https://registry.npm.taobao.org/depd/download/depd-1.0.1.tgz",
            "integrity": "sha1-gK7GTJ1tl+ZcwqnKqTwKpqv3Oqo="
        },
        "destroy": {
            "version": "1.0.3",
            "resolved": "https://registry.npm.taobao.org/destroy/download/destroy-1.0.3.tgz",
            "integrity": "sha1-tDO0ck5x/YVR2YhRdIUcX8N34sk="
        },
        "ee-first": {
            "version": "1.1.0",
            "resolved": "https://registry.npm.taobao.org/ee-first/download/ee-first-1.1.0.tgz",
            "integrity": "sha1-ag18YiHkkP7v2S7D9EHJzozQl/Q="
        },
        "engine.io": {
            "version": "5.1.1",
            "resolved": "https://registry.nlark.com/engine.io/download/engine.io-5.1.1.tgz",
            "integrity": "sha1-ofl+Ud3xDL1NuLX/SxZarTdgzdM=",
            "requires": {
                "accepts": "~1.3.4",
                "base64id": "2.0.0",
                "cookie": "~0.4.1",
                "cors": "~2.8.5",
                "debug": "~4.3.1",
                "engine.io-parser": "~4.0.0",
                "ws": "~7.4.2"
            },
            "dependencies": {
                "accepts": {
                    "version": "1.3.7",
                    "resolved": "https://registry.nlark.com/accepts/download/accepts-1.3.7.tgz",
                    "integrity": "sha1-UxvHJlF6OytB+FACHGzBXqq1B80=",
                    "requires": {
                        "mime-types": "~2.1.24",
                        "negotiator": "0.6.2"
                    }
                },
                "cookie": {
                    "version": "0.4.1",
                    "resolved": "https://registry.nlark.com/cookie/download/cookie-0.4.1.tgz",
                    "integrity": "sha1-r9cT/ibr0hupXOth+agRblClN9E="
                },
                "debug": {
                    "version": "4.3.2",
                    "resolved": "https://registry.nlark.com/debug/download/debug-4.3.2.tgz?cache=0&sync_timestamp=1625374653719&other_urls=https%3A%2F%2Fregistry.nlark.com%2Fdebug%2Fdownload%2Fdebug-4.3.2.tgz",
                    "integrity": "sha1-8KScGKyHeeMdSgxgKd+3aHPHQos=",
                    "requires": {
                        "ms": "2.1.2"
                    }
                },
                "mime-db": {
                    "version": "1.48.0",
                    "resolved": "https://registry.nlark.com/mime-db/download/mime-db-1.48.0.tgz?cache=0&sync_timestamp=1622433567590&other_urls=https%3A%2F%2Fregistry.nlark.com%2Fmime-db%2Fdownload%2Fmime-db-1.48.0.tgz",
                    "integrity": "sha1-41sxBF3X6to6qtU37YijOvvvLR0="
                },
                "mime-types": {
                    "version": "2.1.31",
                    "resolved": "https://registry.nlark.com/mime-types/download/mime-types-2.1.31.tgz",
                    "integrity": "sha1-oA12t0MXxh+cLbIhi46fjpxcnms=",
                    "requires": {
                        "mime-db": "1.48.0"
                    }
                },
                "ms": {
                    "version": "2.1.2",
                    "resolved": "https://registry.nlark.com/ms/download/ms-2.1.2.tgz",
                    "integrity": "sha1-0J0fNXtEP0kzgqjrPM0YOHKuYAk="
                },
                "negotiator": {
                    "version": "0.6.2",
                    "resolved": "https://registry.npm.taobao.org/negotiator/download/negotiator-0.6.2.tgz",
                    "integrity": "sha1-/qz3zPUlp3rpY0Q2pkiD/+yjRvs="
                }
            }
        },
        "engine.io-parser": {
            "version": "4.0.2",
            "resolved": "https://registry.npm.taobao.org/engine.io-parser/download/engine.io-parser-4.0.2.tgz",
            "integrity": "sha1-5B0LP7Zve/SjZx0gOKFUAk7bUB4=",
            "requires": {
                "base64-arraybuffer": "0.1.4"
            }
        },
        "escape-html": {
            "version": "1.0.1",
            "resolved": "https://registry.npm.taobao.org/escape-html/download/escape-html-1.0.1.tgz",
            "integrity": "sha1-GBoobq05ejmpKFfPsdQwUuNWv/A="
        },
        "etag": {
            "version": "1.5.1",
            "resolved": "https://registry.npm.taobao.org/etag/download/etag-1.5.1.tgz",
            "integrity": "sha1-VMUN4E7kJpVWKSWsVmWIKRvn6eo=",
            "requires": {
                "crc": "3.2.1"
            }
        },
        "express": {
            "version": "4.10.2",
            "resolved": "https://registry.npm.taobao.org/express/download/express-4.10.2.tgz?cache=0&other_urls=https%3A%2F%2Fregistry.npm.taobao.org%2Fexpress%2Fdownload%2Fexpress-4.10.2.tgz",
            "integrity": "sha1-3wbd6U2WiTKCnUQKIATF7+ZElbA=",
            "requires": {
                "accepts": "~1.1.3",
                "content-disposition": "0.5.0",
                "cookie": "0.1.2",
                "cookie-signature": "1.0.5",
                "debug": "~2.1.0",
                "depd": "~1.0.0",
                "escape-html": "1.0.1",
                "etag": "~1.5.0",
                "finalhandler": "0.3.2",
                "fresh": "0.2.4",
                "media-typer": "0.3.0",
                "merge-descriptors": "0.0.2",
                "methods": "1.1.0",
                "on-finished": "~2.1.1",
                "parseurl": "~1.3.0",
                "path-to-regexp": "0.1.3",
                "proxy-addr": "~1.0.3",
                "qs": "2.3.2",
                "range-parser": "~1.0.2",
                "send": "0.10.1",
                "serve-static": "~1.7.1",
                "type-is": "~1.5.3",
                "utils-merge": "1.0.0",
                "vary": "~1.0.0"
            }
        },
        "finalhandler": {
            "version": "0.3.2",
            "resolved": "https://registry.npm.taobao.org/finalhandler/download/finalhandler-0.3.2.tgz",
            "integrity": "sha1-ezibD9Nkem+QvVZOImJL+KSnf7U=",
            "requires": {
                "debug": "~2.1.0",
                "escape-html": "1.0.1",
                "on-finished": "~2.1.1"
            }
        },
        "forwarded": {
            "version": "0.1.2",
            "resolved": "https://registry.nlark.com/forwarded/download/forwarded-0.1.2.tgz?cache=0&sync_timestamp=1622503451002&other_urls=https%3A%2F%2Fregistry.nlark.com%2Fforwarded%2Fdownload%2Fforwarded-0.1.2.tgz",
            "integrity": "sha1-mMI9qxF1ZXuMBXPozszZGw/xjIQ="
        },
        "fresh": {
            "version": "0.2.4",
            "resolved": "https://registry.npm.taobao.org/fresh/download/fresh-0.2.4.tgz",
            "integrity": "sha1-NYJJkgbJcjcUGQ7ddLRgT+tKYUw="
        },
        "ipaddr.js": {
            "version": "1.0.5",
            "resolved": "https://registry.nlark.com/ipaddr.js/download/ipaddr.js-1.0.5.tgz",
            "integrity": "sha1-X6eM8wG4JceKvDBC2BJyMEnqI8c="
        },
        "media-typer": {
            "version": "0.3.0",
            "resolved": "https://registry.npm.taobao.org/media-typer/download/media-typer-0.3.0.tgz",
            "integrity": "sha1-hxDXrwqmJvj/+hzgAWhUUmMlV0g="
        },
        "merge-descriptors": {
            "version": "0.0.2",
            "resolved": "https://registry.npm.taobao.org/merge-descriptors/download/merge-descriptors-0.0.2.tgz",
            "integrity": "sha1-w2pSp4FDdRPFcnXzndnTF1FKyMc="
        },
        "methods": {
            "version": "1.1.0",
            "resolved": "https://registry.npm.taobao.org/methods/download/methods-1.1.0.tgz",
            "integrity": "sha1-XcpO4S31L/OwVhRZhqjwHLyGQ28="
        },
        "mime": {
            "version": "1.2.11",
            "resolved": "https://registry.nlark.com/mime/download/mime-1.2.11.tgz",
            "integrity": "sha1-WCA+7Ybjpe8XrtK32evUfwpg3RA="
        },
        "mime-db": {
            "version": "1.12.0",
            "resolved": "https://registry.nlark.com/mime-db/download/mime-db-1.12.0.tgz?cache=0&sync_timestamp=1622433567590&other_urls=https%3A%2F%2Fregistry.nlark.com%2Fmime-db%2Fdownload%2Fmime-db-1.12.0.tgz",
            "integrity": "sha1-PQxjGA9FjrENMlqqN9fFiuMS6dc="
        },
        "mime-types": {
            "version": "2.0.14",
            "resolved": "https://registry.nlark.com/mime-types/download/mime-types-2.0.14.tgz",
            "integrity": "sha1-MQ4VnbI+B3+Lsit0jav6SVcUCqY=",
            "requires": {
                "mime-db": "~1.12.0"
            }
        },
        "ms": {
            "version": "0.7.0",
            "resolved": "https://registry.nlark.com/ms/download/ms-0.7.0.tgz",
            "integrity": "sha1-hlvpTC5zl62KV9pqYzpuLzB5i4M="
        },
        "negotiator": {
            "version": "0.4.9",
            "resolved": "https://registry.npm.taobao.org/negotiator/download/negotiator-0.4.9.tgz",
            "integrity": "sha1-kuRrbbU8fkIe1koryU8IvnYw3z8="
        },
        "node-gyp-build": {
            "version": "4.2.3",
            "resolved": "https://registry.npm.taobao.org/node-gyp-build/download/node-gyp-build-4.2.3.tgz",
            "integrity": "sha1-zmJ3+FODX3GIKe+0fbIPPk2cRzk=",
            "peer": true
        },
        "object-assign": {
            "version": "4.1.1",
            "resolved": "https://registry.nlark.com/object-assign/download/object-assign-4.1.1.tgz",
            "integrity": "sha1-IQmtx5ZYh8/AXLvUQsrIv7s2CGM="
        },
        "on-finished": {
            "version": "2.1.1",
            "resolved": "https://registry.npm.taobao.org/on-finished/download/on-finished-2.1.1.tgz",
            "integrity": "sha1-+CyhyeOk8yhrG5k4YQ5bhja9PLI=",
            "requires": {
                "ee-first": "1.1.0"
            }
        },
        "parseurl": {
            "version": "1.3.3",
            "resolved": "https://registry.npm.taobao.org/parseurl/download/parseurl-1.3.3.tgz",
            "integrity": "sha1-naGee+6NEt/wUT7Vt2lXeTvC6NQ="
        },
        "path-to-regexp": {
            "version": "0.1.3",
            "resolved": "https://registry.nlark.com/path-to-regexp/download/path-to-regexp-0.1.3.tgz?cache=0&sync_timestamp=1624608046390&other_urls=https%3A%2F%2Fregistry.nlark.com%2Fpath-to-regexp%2Fdownload%2Fpath-to-regexp-0.1.3.tgz",
            "integrity": "sha1-IbmrgidCed4lsVbqCP0SylG4rss="
        },
        "proxy-addr": {
            "version": "1.0.10",
            "resolved": "https://registry.nlark.com/proxy-addr/download/proxy-addr-1.0.10.tgz",
            "integrity": "sha1-DUCoL4Afw1VWfS7LZe/j8HfxIcU=",
            "requires": {
                "forwarded": "~0.1.0",
                "ipaddr.js": "1.0.5"
            }
        },
        "qs": {
            "version": "2.3.2",
            "resolved": "https://registry.npm.taobao.org/qs/download/qs-2.3.2.tgz?cache=0&sync_timestamp=1616385248556&other_urls=https%3A%2F%2Fregistry.npm.taobao.org%2Fqs%2Fdownload%2Fqs-2.3.2.tgz",
            "integrity": "sha1-1F7CSeS5sCmvAIgpoQHV/36XJ5A="
        },
        "range-parser": {
            "version": "1.0.3",
            "resolved": "https://registry.npm.taobao.org/range-parser/download/range-parser-1.0.3.tgz",
            "integrity": "sha1-aHKCNTXGkuLCoBA4Jq/YLC4P8XU="
        },
        "send": {
            "version": "0.10.1",
            "resolved": "https://registry.npm.taobao.org/send/download/send-0.10.1.tgz",
            "integrity": "sha1-d0XFDscvEVEVmA6PsXmuwBkA4Io=",
            "requires": {
                "debug": "~2.1.0",
                "depd": "~1.0.0",
                "destroy": "1.0.3",
                "escape-html": "1.0.1",
                "etag": "~1.5.0",
                "fresh": "0.2.4",
                "mime": "1.2.11",
                "ms": "0.6.2",
                "on-finished": "~2.1.1",
                "range-parser": "~1.0.2"
            },
            "dependencies": {
                "ms": {
                    "version": "0.6.2",
                    "resolved": "https://registry.nlark.com/ms/download/ms-0.6.2.tgz",
                    "integrity": "sha1-2JwhJMb9wTU9Zai3e/GqxLGTcIw="
                }
            }
        },
        "serve-static": {
            "version": "1.7.2",
            "resolved": "https://registry.npm.taobao.org/serve-static/download/serve-static-1.7.2.tgz",
            "integrity": "sha1-MWTOBtTmw0Wb3MnWAY+0+zXoSzk=",
            "requires": {
                "escape-html": "1.0.1",
                "parseurl": "~1.3.0",
                "send": "0.10.1",
                "utils-merge": "1.0.0"
            }
        },
        "socket.io": {
            "version": "4.1.3",
            "resolved": "https://registry.nlark.com/socket.io/download/socket.io-4.1.3.tgz",
            "integrity": "sha1-0RQyjvJ6sxuIlhF5KVnD+m1QJQA=",
            "requires": {
                "@types/cookie": "^0.4.0",
                "@types/cors": "^2.8.10",
                "@types/node": ">=10.0.0",
                "accepts": "~1.3.4",
                "base64id": "~2.0.0",
                "debug": "~4.3.1",
                "engine.io": "~5.1.1",
                "socket.io-adapter": "~2.3.1",
                "socket.io-parser": "~4.0.4"
            },
            "dependencies": {
                "accepts": {
                    "version": "1.3.7",
                    "resolved": "https://registry.nlark.com/accepts/download/accepts-1.3.7.tgz",
                    "integrity": "sha1-UxvHJlF6OytB+FACHGzBXqq1B80=",
                    "requires": {
                        "mime-types": "~2.1.24",
                        "negotiator": "0.6.2"
                    }
                },
                "debug": {
                    "version": "4.3.2",
                    "resolved": "https://registry.nlark.com/debug/download/debug-4.3.2.tgz?cache=0&sync_timestamp=1625374653719&other_urls=https%3A%2F%2Fregistry.nlark.com%2Fdebug%2Fdownload%2Fdebug-4.3.2.tgz",
                    "integrity": "sha1-8KScGKyHeeMdSgxgKd+3aHPHQos=",
                    "requires": {
                        "ms": "2.1.2"
                    }
                },
                "mime-db": {
                    "version": "1.48.0",
                    "resolved": "https://registry.nlark.com/mime-db/download/mime-db-1.48.0.tgz?cache=0&sync_timestamp=1622433567590&other_urls=https%3A%2F%2Fregistry.nlark.com%2Fmime-db%2Fdownload%2Fmime-db-1.48.0.tgz",
                    "integrity": "sha1-41sxBF3X6to6qtU37YijOvvvLR0="
                },
                "mime-types": {
                    "version": "2.1.31",
                    "resolved": "https://registry.nlark.com/mime-types/download/mime-types-2.1.31.tgz",
                    "integrity": "sha1-oA12t0MXxh+cLbIhi46fjpxcnms=",
                    "requires": {
                        "mime-db": "1.48.0"
                    }
                },
                "ms": {
                    "version": "2.1.2",
                    "resolved": "https://registry.nlark.com/ms/download/ms-2.1.2.tgz",
                    "integrity": "sha1-0J0fNXtEP0kzgqjrPM0YOHKuYAk="
                },
                "negotiator": {
                    "version": "0.6.2",
                    "resolved": "https://registry.npm.taobao.org/negotiator/download/negotiator-0.6.2.tgz",
                    "integrity": "sha1-/qz3zPUlp3rpY0Q2pkiD/+yjRvs="
                }
            }
        },
        "socket.io-adapter": {
            "version": "2.3.1",
            "resolved": "https://registry.nlark.com/socket.io-adapter/download/socket.io-adapter-2.3.1.tgz",
            "integrity": "sha1-pEJyDLCaSCPPuBKH3aH5tS1MzbI="
        },
        "socket.io-parser": {
            "version": "4.0.4",
            "resolved": "https://registry.nlark.com/socket.io-parser/download/socket.io-parser-4.0.4.tgz",
            "integrity": "sha1-nqIbDWFQjRgZbvBKLGuatjD0wrA=",
            "requires": {
                "@types/component-emitter": "^1.2.10",
                "component-emitter": "~1.3.0",
                "debug": "~4.3.1"
            },
            "dependencies": {
                "debug": {
                    "version": "4.3.2",
                    "resolved": "https://registry.nlark.com/debug/download/debug-4.3.2.tgz?cache=0&sync_timestamp=1625374653719&other_urls=https%3A%2F%2Fregistry.nlark.com%2Fdebug%2Fdownload%2Fdebug-4.3.2.tgz",
                    "integrity": "sha1-8KScGKyHeeMdSgxgKd+3aHPHQos=",
                    "requires": {
                        "ms": "2.1.2"
                    }
                },
                "ms": {
                    "version": "2.1.2",
                    "resolved": "https://registry.nlark.com/ms/download/ms-2.1.2.tgz",
                    "integrity": "sha1-0J0fNXtEP0kzgqjrPM0YOHKuYAk="
                }
            }
        },
        "type-is": {
            "version": "1.5.7",
            "resolved": "https://registry.npm.taobao.org/type-is/download/type-is-1.5.7.tgz",
            "integrity": "sha1-uTaKWTzG730GReeLL0xky+zQXpA=",
            "requires": {
                "media-typer": "0.3.0",
                "mime-types": "~2.0.9"
            }
        },
        "utf-8-validate": {
            "version": "5.0.5",
            "resolved": "https://registry.nlark.com/utf-8-validate/download/utf-8-validate-5.0.5.tgz",
            "integrity": "sha1-3TLC6CxyAC3J8C62e6Z2H0NFbKE=",
            "peer": true,
            "requires": {
                "node-gyp-build": "^4.2.0"
            }
        },
        "utils-merge": {
            "version": "1.0.0",
            "resolved": "https://registry.npm.taobao.org/utils-merge/download/utils-merge-1.0.0.tgz",
            "integrity": "sha1-ApT7kiu5N1FTVBxPcJYjHyh8ivg="
        },
        "vary": {
            "version": "1.0.1",
            "resolved": "https://registry.npm.taobao.org/vary/download/vary-1.0.1.tgz",
            "integrity": "sha1-meSYFWaihhGN+yuBc1ffeZM3bRA="
        },
        "ws": {
            "version": "7.4.6",
            "resolved": "https://registry.nlark.com/ws/download/ws-7.4.6.tgz",
            "integrity": "sha1-VlTKjs3u5HwzqaS/bSjivimAN3w=",
            "requires": {}
        }
    }
}
